
Microsoft Visual Studio Solution File, Format Version 12.00
# Visual Studio Version 17
VisualStudioVersion = 17.3.32929.385
MinimumVisualStudioVersion = 10.0.40219.1
Project("{FAE04EC0-301F-11D3-BF4B-00C04F79EFBC}") = "mtvendors-api", "mtvendors-api\mtvendors-api.csproj", "{B5E31FC6-ED88-4750-BDE3-25EC7412A8FB}"
EndProject
Global
	GlobalSection(SolutionConfigurationPlatforms) = preSolution
		Debug|Any CPU = Debug|Any CPU
		Release|Any CPU = Release|Any CPU
	EndGlobalSection
	GlobalSection(ProjectConfigurationPlatforms) = postSolution
		{B5E31FC6-ED88-4750-BDE3-25EC7412A8FB}.Debug|Any CPU.ActiveCfg = Debug|Any CPU
		{B5E31FC6-ED88-4750-BDE3-25EC7412A8FB}.Debug|Any CPU.Build.0 = Debug|Any CPU
		{B5E31FC6-ED88-4750-BDE3-25EC7412A8FB}.Release|Any CPU.ActiveCfg = Release|Any CPU
		{B5E31FC6-ED88-4750-BDE3-25EC7412A8FB}.Release|Any CPU.Build.0 = Release|Any CPU
	EndGlobalSection
	GlobalSection(SolutionProperties) = preSolution
		HideSolutionNode = FALSE
	EndGlobalSection
	GlobalSection(ExtensibilityGlobals) = postSolution
		SolutionGuid = {A308898F-E139-4AA6-B9A5-C6FEDFDEE193}
	EndGlobalSection
EndGlobal
